// !$*UTF8*$!
{
	archiveVersion = 1;
	classes = {
	};
	objectVersion = 46;
	objects = {

/* Begin PBXBuildFile section */
		DD53E00F1C68218000C263A6 /* GRCodeSignatureVerifier.h in Headers */ = {isa = PBXBuildFile; fileRef = DD53E00D1C68218000C263A6 /* GRCodeSignatureVerifier.h */; settings = {ATTRIBUTES = (Public, ); }; };
		DD53E0101C68218000C263A6 /* GRCodeSignatureVerifier.m in Sources */ = {isa = PBXBuildFile; fileRef = DD53E00E1C68218000C263A6 /* GRCodeSignatureVerifier.m */; };
/* End PBXBuildFile section */

/* Begin PBXFileReference section */
		DD53DFFF1C68215200C263A6 /* GRCodeSignatureVerifier.framework */ = {isa = PBXFileReference; explicitFileType = wrapper.framework; includeInIndex = 0; path = GRCodeSignatureVerifier.framework; sourceTree = BUILT_PRODUCTS_DIR; };
		DD53E0041C68215200C263A6 /* Info.plist */ = {isa = PBXFileReference; lastKnownFileType = text.plist.xml; path = Info.plist; sourceTree = "<group>"; };
		DD53E00D1C68218000C263A6 /* GRCodeSignatureVerifier.h */ = {isa = PBXFileReference; fileEncoding = 4; lastKnownFileType = sourcecode.c.h; path = GRCodeSignatureVerifier.h; sourceTree = "<group>"; };
		DD53E00E1C68218000C263A6 /* GRCodeSignatureVerifier.m */ = {isa = PBXFileReference; fileEncoding = 4; lastKnownFileType = sourcecode.c.objc; path = GRCodeSignatureVerifier.m; sourceTree = "<group>"; };
/* End PBXFileReference section */

/* Begin PBXFrameworksBuildPhase section */
		DD53DFFB1C68215200C263A6 /* Frameworks */ = {
			isa = PBXFrameworksBuildPhase;
			buildActionMask = 2147483647;
			files = (
			);
			runOnlyForDeploymentPostprocessing = 0;
		};
/* End PBXFrameworksBuildPhase section */

/* Begin PBXGroup section */
		DD53DFF51C68215200C263A6 = {
			isa = PBXGroup;
			children = (
				DD53E0011C68215200C263A6 /* GRCodeSignatureVerifier */,
				DD53E0001C68215200C263A6 /* Products */,
			);
			sourceTree = "<group>";
		};
		DD53E0001C68215200C263A6 /* Products */ = {
			isa = PBXGroup;
			children = (
				DD53DFFF1C68215200C263A6 /* GRCodeSignatureVerifier.framework */,
			);
			name = Products;
			sourceTree = "<group>";
		};
		DD53E0011C68215200C263A6 /* GRCodeSignatureVerifier */ = {
			isa = PBXGroup;
			children = (
				DD53E00A1C68215700C263A6 /* Classes */,
				DD53E0041C68215200C263A6 /* Info.plist */,
			);
			path = GRCodeSignatureVerifier;
			sourceTree = "<group>";
		};
		DD53E00A1C68215700C263A6 /* Classes */ = {
			isa = PBXGroup;
			children = (
				DD53E00D1C68218000C263A6 /* GRCodeSignatureVerifier.h */,
				DD53E00E1C68218000C263A6 /* GRCodeSignatureVerifier.m */,
			);
			name = Classes;
			sourceTree = "<group>";
		};
/* End PBXGroup section */

/* Begin PBXHeadersBuildPhase section */
		DD53DFFC1C68215200C263A6 /* Headers */ = {
			isa = PBXHeadersBuildPhase;
			buildActionMask = 2147483647;
			files = (
				DD53E00F1C68218000C263A6 /* GRCodeSignatureVerifier.h in Headers */,
			);
			runOnlyForDeploymentPostprocessing = 0;
		};
/* End PBXHeadersBuildPhase section */

/* Begin PBXNativeTarget section */
		DD53DFFE1C68215200C263A6 /* GRCodeSignatureVerifier */ = {
			isa = PBXNativeTarget;
			buildConfigurationList = DD53E0071C68215200C263A6 /* Build configuration list for PBXNativeTarget "GRCodeSignatureVerifier" */;
			buildPhases = (
				DD53DFFA1C68215200C263A6 /* Sources */,
				DD53DFFB1C68215200C263A6 /* Frameworks */,
				DD53DFFC1C68215200C263A6 /* Headers */,
				DD53DFFD1C68215200C263A6 /* Resources */,
			);
			buildRules = (
			);
			dependencies = (
			);
			name = GRCodeSignatureVerifier;
			productName = GRCodeSignatureVerifier;
			productReference = DD53DFFF1C68215200C263A6 /* GRCodeSignatureVerifier.framework */;
			productType = "com.apple.product-type.framework";
		};
/* End PBXNativeTarget section */

/* Begin PBXProject section */
		DD53DFF61C68215200C263A6 /* Project object */ = {
			isa = PBXProject;
			attributes = {
				LastUpgradeCheck = 0720;
				ORGANIZATIONNAME = "Guilherme Rambo";
				TargetAttributes = {
					DD53DFFE1C68215200C263A6 = {
						CreatedOnToolsVersion = 7.2.1;
						DevelopmentTeam = 8C7439RJLG;
					};
				};
			};
			buildConfigurationList = DD53DFF91C68215200C263A6 /* Build configuration list for PBXProject "GRCodeSignatureVerifier" */;
			compatibilityVersion = "Xcode 3.2";
			developmentRegion = English;
			hasScannedForEncodings = 0;
			knownRegions = (
				en,
			);
			mainGroup = DD53DFF51C68215200C263A6;
			productRefGroup = DD53E0001C68215200C263A6 /* Products */;
			projectDirPath = "";
			projectRoot = "";
			targets = (
				DD53DFFE1C68215200C263A6 /* GRCodeSignatureVerifier */,
			);
		};
/* End PBXProject section */

/* Begin PBXResourcesBuildPhase section */
		DD53DFFD1C68215200C263A6 /* Resources */ = {
			isa = PBXResourcesBuildPhase;
			buildActionMask = 2147483647;
			files = (
			);
			runOnlyForDeploymentPostprocessing = 0;
		};
/* End PBXResourcesBuildPhase section */

/* Begin PBXSourcesBuildPhase section */
		DD53DFFA1C68215200C263A6 /* Sources */ = {
			isa = PBXSourcesBuildPhase;
			buildActionMask = 2147483647;
			files = (
				DD53E0101C68218000C263A6 /* GRCodeSignatureVerifier.m in Sources */,
			);
			runOnlyForDeploymentPostprocessing = 0;
		};
/* End PBXSourcesBuildPhase section */

/* Begin XCBuildConfiguration section */
		DD53E0051C68215200C263A6 /* Debug */ = {
			isa = XCBuildConfiguration;
			buildSettings = {
				ALWAYS_SEARCH_USER_PATHS = NO;
				CLANG_CXX_LANGUAGE_STANDARD = "gnu++0x";
				CLANG_CXX_LIBRARY = "libc++";
				CLANG_ENABLE_MODULES = YES;
				CLANG_ENABLE_OBJC_ARC = YES;
				CLANG_WARN_BOOL_CONVERSION = YES;
				CLANG_WARN_CONSTANT_CONVERSION = YES;
				CLANG_WARN_DIRECT_OBJC_ISA_USAGE = YES_ERROR;
				CLANG_WARN_EMPTY_BODY = YES;
				CLANG_WARN_ENUM_CONVERSION = YES;
				CLANG_WARN_INT_CONVERSION = YES;
				CLANG_WARN_OBJC_ROOT_CLASS = YES_ERROR;
				CLANG_WARN_UNREACHABLE_CODE = YES;
				CLANG_WARN__DUPLICATE_METHOD_MATCH = YES;
				CODE_SIGN_IDENTITY = "-";
				COPY_PHASE_STRIP = NO;
				CURRENT_PROJECT_VERSION = 1;
				DEBUG_INFORMATION_FORMAT = dwarf;
				ENABLE_STRICT_OBJC_MSGSEND = YES;
				ENABLE_TESTABILITY = YES;
				GCC_C_LANGUAGE_STANDARD = gnu99;
				GCC_DYNAMIC_NO_PIC = NO;
				GCC_NO_COMMON_BLOCKS = YES;
				GCC_OPTIMIZATION_LEVEL = 0;
				GCC_PREPROCESSOR_DEFINITIONS = (
					"DEBUG=1",
					"$(inherited)",
				);
				GCC_WARN_64_TO_32_BIT_CONVERSION = YES;
				GCC_WARN_ABOUT_RETURN_TYPE = YES_ERROR;
				GCC_WARN_UNDECLARED_SELECTOR = YES;
				GCC_WARN_UNINITIALIZED_AUTOS = YES_AGGRESSIVE;
				GCC_WARN_UNUSED_FUNCTION = YES;
				GCC_WARN_UNUSED_VARIABLE = YES;
				MACOSX_DEPLOYMENT_TARGET = 10.11;
				MTL_ENABLE_DEBUG_INFO = YES;
				ONLY_ACTIVE_ARCH = YES;
				SDKROOT = macosx;
				VERSIONING_SYSTEM = "apple-generic";
				VERSION_INFO_PREFIX = "";
			};
			name = Debug;
		};
		DD53E0061C68215200C263A6 /* Release */ = {
			isa = XCBuildConfiguration;
			buildSettings = {
				ALWAYS_SEARCH_USER_PATHS = NO;
				CLANG_CXX_LANGUAGE_STANDARD = "gnu++0x";
				CLANG_CXX_LIBRARY = "libc++";
				CLANG_ENABLE_MODULES = YES;
				CLANG_ENABLE_OBJC_ARC = YES;
				CLANG_WARN_BOOL_CONVERSION = YES;
				CLANG_WARN_CONSTANT_CONVERSION = YES;
				CLANG_WARN_DIRECT_OBJC_ISA_USAGE = YES_ERROR;
				CLANG_WARN_EMPTY_BODY = YES;
				CLANG_WARN_ENUM_CONVERSION = YES;
				CLANG_WARN_INT_CONVERSION = YES;
				CLANG_WARN_OBJC_ROOT_CLASS = YES_ERROR;
				CLANG_WARN_UNREACHABLE_CODE = YES;
				CLANG_WARN__DUPLICATE_METHOD_MATCH = YES;
				CODE_SIGN_IDENTITY = "-";
				COPY_PHASE_STRIP = NO;
				CURRENT_PROJECT_VERSION = 1;
				DEBUG_INFORMATION_FORMAT = "dwarf-with-dsym";
				ENABLE_NS_ASSERTIONS = NO;
				ENABLE_STRICT_OBJC_MSGSEND = YES;
				GCC_C_LANGUAGE_STANDARD = gnu99;
				GCC_NO_COMMON_BLOCKS = YES;
				GCC_WARN_64_TO_32_BIT_CONVERSION = YES;
				GCC_WARN_ABOUT_RETURN_TYPE = YES_ERROR;
				GCC_WARN_UNDECLARED_SELECTOR = YES;
				GCC_WARN_UNINITIALIZED_AUTOS = YES_AGGRESSIVE;
				GCC_WARN_UNUSED_FUNCTION = YES;
				GCC_WARN_UNUSED_VARIABLE = YES;
				MACOSX_DEPLOYMENT_TARGET = 10.11;
				MTL_ENABLE_DEBUG_INFO = NO;
				SDKROOT = macosx;
				VERSIONING_SYSTEM = "apple-generic";
				VERSION_INFO_PREFIX = "";
			};
			name = Release;
		};
		DD53E0081C68215200C263A6 /* Debug */ = {
			isa = XCBuildConfiguration;
			buildSettings = {
				CODE_SIGN_IDENTITY = "Developer ID Application";
				COMBINE_HIDPI_IMAGES = YES;
				DEFINES_MODULE = YES;
				DYLIB_COMPATIBILITY_VERSION = 1;
				DYLIB_CURRENT_VERSION = 1;
				DYLIB_INSTALL_NAME_BASE = "@rpath";
				FRAMEWORK_VERSION = A;
				INFOPLIST_FILE = GRCodeSignatureVerifier/Info.plist;
				INSTALL_PATH = "$(LOCAL_LIBRARY_DIR)/Frameworks";
				LD_RUNPATH_SEARCH_PATHS = "$(inherited) @executable_path/../Frameworks @loader_path/Frameworks";
				MODULEMAP_PRIVATE_FILE = "";
				PRODUCT_BUNDLE_IDENTIFIER = br.com.guilhermerambo.GRCodeSignatureVerifier;
				PRODUCT_NAME = "$(TARGET_NAME)";
				SKIP_INSTALL = YES;
			};
			name = Debug;
		};
		DD53E0091C68215200C263A6 /* Release */ = {
			isa = XCBuildConfiguration;
			buildSettings = {
				CODE_SIGN_IDENTITY = "Developer ID Application";
				COMBINE_HIDPI_IMAGES = YES;
				DEFINES_MODULE = YES;
				DYLIB_COMPATIBILITY_VERSION = 1;
				DYLIB_CURRENT_VERSION = 1;
				DYLIB_INSTALL_NAME_BASE = "@rpath";
				FRAMEWORK_VERSION = A;
				INFOPLIST_FILE = GRCodeSignatureVerifier/Info.plist;
				INSTALL_PATH = "$(LOCAL_LIBRARY_DIR)/Frameworks";
				LD_RUNPATH_SEARCH_PATHS = "$(inherited) @executable_path/../Frameworks @loader_path/Frameworks";
				MODULEMAP_PRIVATE_FILE = "";
				PRODUCT_BUNDLE_IDENTIFIER = br.com.guilhermerambo.GRCodeSignatureVerifier;
				PRODUCT_NAME = "$(TARGET_NAME)";
				SKIP_INSTALL = YES;
			};
			name = Release;
		};
/* End XCBuildConfiguration section */

/* Begin XCConfigurationList section */
		DD53DFF91C68215200C263A6 /* Build configuration list for PBXProject "GRCodeSignatureVerifier" */ = {
			isa = XCConfigurationList;
			buildConfigurations = (
				DD53E0051C68215200C263A6 /* Debug */,
				DD53E0061C68215200C263A6 /* Release */,
			);
			defaultConfigurationIsVisible = 0;
			defaultConfigurationName = Release;
		};
		DD53E0071C68215200C263A6 /* Build configuration list for PBXNativeTarget "GRCodeSignatureVerifier" */ = {
			isa = XCConfigurationList;
			buildConfigurations = (
				DD53E0081C68215200C263A6 /* Debug */,
				DD53E0091C68215200C263A6 /* Release */,
			);
			defaultConfigurationIsVisible = 0;
			defaultConfigurationName = Release;
		};
/* End XCConfigurationList section */
	};
	rootObject = DD53DFF61C68215200C263A6 /* Project object */;
}
